
Microsoft Visual Studio Solution File, Format Version 12.00
# Visual Studio Version 16
VisualStudioVersion = 16.0.30907.101
MinimumVisualStudioVersion = 10.0.40219.1
Project("{FAE04EC0-301F-11D3-BF4B-00C04F79EFBC}") = "TaTeTi", "TaTeTi\TaTeTi.csproj", "{501420EC-458C-4940-848C-D9FE0243F9BC}"
EndProject
Global
	GlobalSection(SolutionConfigurationPlatforms) = preSolution
		Debug|Any CPU = Debug|Any CPU
		Release|Any CPU = Release|Any CPU
	EndGlobalSection
	GlobalSection(ProjectConfigurationPlatforms) = postSolution
		{501420EC-458C-4940-848C-D9FE0243F9BC}.Debug|Any CPU.ActiveCfg = Debug|Any CPU
		{501420EC-458C-4940-848C-D9FE0243F9BC}.Debug|Any CPU.Build.0 = Debug|Any CPU
		{501420EC-458C-4940-848C-D9FE0243F9BC}.Release|Any CPU.ActiveCfg = Release|Any CPU
		{501420EC-458C-4940-848C-D9FE0243F9BC}.Release|Any CPU.Build.0 = Release|Any CPU
	EndGlobalSection
	GlobalSection(SolutionProperties) = preSolution
		HideSolutionNode = FALSE
	EndGlobalSection
	GlobalSection(ExtensibilityGlobals) = postSolution
		SolutionGuid = {FA7D46E8-EF31-4F0E-9F92-E2F471D5DBD1}
	EndGlobalSection
EndGlobal
